github.com/apache/thrift v0.12.0 h1:pODnxUFNcjP9UTLZGTdeh+j16A8lJbRvD3rOtrk/7bs=
github.com/apache/thrift v0.12.0/go.mod h1:cp2SuWMxlEZw2r+iP2GNCdIi4C1qmUzdZFSVb+bacwQ=
github.com/apache/thrift v0.20.0 h1:631+KvYbsBZxmuJjYwhezVsrfc/TbqtZV4QcxOX1fOI=
github.com/apache/thrift v0.20.0/go.mod h1:hOk1BQqcp2OLzGsyVXdfMk7YFlMxK3aoEVhjD06QhB8=
